
Microsoft Visual Studio Solution File, Format Version 12.00
# Visual Studio Version 17
VisualStudioVersion = 17.0.31903.59
MinimumVisualStudioVersion = 10.0.40219.1
Project("{FAE04EC0-301F-11D3-BF4B-00C04F79EFBC}") = "GrpcContracts", "GrpcContracts\GrpcContracts.csproj", "{88EBB97E-0BF9-47FD-B5A8-4EB49ECABE28}"
EndProject
Project("{FAE04EC0-301F-11D3-BF4B-00C04F79EFBC}") = "CategoryGrpcServer", "CategoryGrpcServer\CategoryGrpcServer.csproj", "{AC50A063-8136-4E98-8FF2-F0E8CBA58B88}"
EndProject
Project("{FAE04EC0-301F-11D3-BF4B-00C04F79EFBC}") = "ProductGrpcServer", "ProductGrpcServer\ProductGrpcServer.csproj", "{91BE253C-8045-4E6A-85FC-9D811A94A5E7}"
EndProject
Global
	GlobalSection(SolutionConfigurationPlatforms) = preSolution
		Debug|Any CPU = Debug|Any CPU
		Release|Any CPU = Release|Any CPU
	EndGlobalSection
	GlobalSection(ProjectConfigurationPlatforms) = postSolution
		{88EBB97E-0BF9-47FD-B5A8-4EB49ECABE28}.Debug|Any CPU.ActiveCfg = Debug|Any CPU
		{88EBB97E-0BF9-47FD-B5A8-4EB49ECABE28}.Debug|Any CPU.Build.0 = Debug|Any CPU
		{88EBB97E-0BF9-47FD-B5A8-4EB49ECABE28}.Release|Any CPU.ActiveCfg = Release|Any CPU
		{88EBB97E-0BF9-47FD-B5A8-4EB49ECABE28}.Release|Any CPU.Build.0 = Release|Any CPU
		{AC50A063-8136-4E98-8FF2-F0E8CBA58B88}.Debug|Any CPU.ActiveCfg = Debug|Any CPU
		{AC50A063-8136-4E98-8FF2-F0E8CBA58B88}.Debug|Any CPU.Build.0 = Debug|Any CPU
		{AC50A063-8136-4E98-8FF2-F0E8CBA58B88}.Release|Any CPU.ActiveCfg = Release|Any CPU
		{AC50A063-8136-4E98-8FF2-F0E8CBA58B88}.Release|Any CPU.Build.0 = Release|Any CPU
		{91BE253C-8045-4E6A-85FC-9D811A94A5E7}.Debug|Any CPU.ActiveCfg = Debug|Any CPU
		{91BE253C-8045-4E6A-85FC-9D811A94A5E7}.Debug|Any CPU.Build.0 = Debug|Any CPU
		{91BE253C-8045-4E6A-85FC-9D811A94A5E7}.Release|Any CPU.ActiveCfg = Release|Any CPU
		{91BE253C-8045-4E6A-85FC-9D811A94A5E7}.Release|Any CPU.Build.0 = Release|Any CPU
	EndGlobalSection
	GlobalSection(SolutionProperties) = preSolution
		HideSolutionNode = FALSE
	EndGlobalSection
	GlobalSection(ExtensibilityGlobals) = postSolution
		SolutionGuid = {CDF5B868-F409-4C74-8EA4-233CE760F4D5}
	EndGlobalSection
EndGlobal
